
Microsoft Visual Studio Solution File, Format Version 12.00
# Visual Studio Version 17
VisualStudioVersion = 17.0.31903.59
MinimumVisualStudioVersion = 10.0.40219.1
Project("{2150E333-8FDC-42A3-9474-1A3956D46DE8}") = "value_types", "value_types", "{25C89B37-997F-4B9E-AA30-1AF59CE76C90}"
EndProject
Project("{FAE04EC0-301F-11D3-BF4B-00C04F79EFBC}") = "booleans", "value_types\booleans\booleans.csproj", "{9F2EFBBC-0DE1-4080-A60A-92C6C5579FB1}"
EndProject
Project("{FAE04EC0-301F-11D3-BF4B-00C04F79EFBC}") = "enums", "value_types\enums\enums.csproj", "{3839ACA2-665D-47A4-B0D6-CB08334A805A}"
EndProject
Project("{FAE04EC0-301F-11D3-BF4B-00C04F79EFBC}") = "numbers", "value_types\numbers\numbers.csproj", "{75321AED-A237-4EAD-B83B-010B53DCBBE3}"
EndProject
Project("{FAE04EC0-301F-11D3-BF4B-00C04F79EFBC}") = "structs", "value_types\structs\structs.csproj", "{A95FED47-0376-42D2-B942-697F5E42C657}"
EndProject
Project("{2150E333-8FDC-42A3-9474-1A3956D46DE8}") = "reference_types", "reference_types", "{270ACA73-4EC5-44D1-9872-D0F870C9B23F}"
EndProject
Project("{FAE04EC0-301F-11D3-BF4B-00C04F79EFBC}") = "arrays", "reference_types\arrays\arrays.csproj", "{B88B3AD3-8DE2-4912-B273-CA8357B1D13A}"
EndProject
Project("{FAE04EC0-301F-11D3-BF4B-00C04F79EFBC}") = "strings", "reference_types\strings\strings.csproj", "{FECE2BBA-BB89-4F50-AAE4-FB028D1FECD3}"
EndProject
Project("{FAE04EC0-301F-11D3-BF4B-00C04F79EFBC}") = "nullables", "value_types\nullables\nullables.csproj", "{8591FDC5-5E81-44FD-891F-DA560FB276EB}"
EndProject
Project("{FAE04EC0-301F-11D3-BF4B-00C04F79EFBC}") = "classes", "reference_types\classes\classes.csproj", "{53C8BD9A-D309-4420-8ED0-874CE4D19E10}"
EndProject
Global
	GlobalSection(SolutionConfigurationPlatforms) = preSolution
		Debug|Any CPU = Debug|Any CPU
		Release|Any CPU = Release|Any CPU
	EndGlobalSection
	GlobalSection(SolutionProperties) = preSolution
		HideSolutionNode = FALSE
	EndGlobalSection
	GlobalSection(ProjectConfigurationPlatforms) = postSolution
		{9F2EFBBC-0DE1-4080-A60A-92C6C5579FB1}.Debug|Any CPU.ActiveCfg = Debug|Any CPU
		{9F2EFBBC-0DE1-4080-A60A-92C6C5579FB1}.Debug|Any CPU.Build.0 = Debug|Any CPU
		{9F2EFBBC-0DE1-4080-A60A-92C6C5579FB1}.Release|Any CPU.ActiveCfg = Release|Any CPU
		{9F2EFBBC-0DE1-4080-A60A-92C6C5579FB1}.Release|Any CPU.Build.0 = Release|Any CPU
		{3839ACA2-665D-47A4-B0D6-CB08334A805A}.Debug|Any CPU.ActiveCfg = Debug|Any CPU
		{3839ACA2-665D-47A4-B0D6-CB08334A805A}.Debug|Any CPU.Build.0 = Debug|Any CPU
		{3839ACA2-665D-47A4-B0D6-CB08334A805A}.Release|Any CPU.ActiveCfg = Release|Any CPU
		{3839ACA2-665D-47A4-B0D6-CB08334A805A}.Release|Any CPU.Build.0 = Release|Any CPU
		{75321AED-A237-4EAD-B83B-010B53DCBBE3}.Debug|Any CPU.ActiveCfg = Debug|Any CPU
		{75321AED-A237-4EAD-B83B-010B53DCBBE3}.Debug|Any CPU.Build.0 = Debug|Any CPU
		{75321AED-A237-4EAD-B83B-010B53DCBBE3}.Release|Any CPU.ActiveCfg = Release|Any CPU
		{75321AED-A237-4EAD-B83B-010B53DCBBE3}.Release|Any CPU.Build.0 = Release|Any CPU
		{A95FED47-0376-42D2-B942-697F5E42C657}.Debug|Any CPU.ActiveCfg = Debug|Any CPU
		{A95FED47-0376-42D2-B942-697F5E42C657}.Debug|Any CPU.Build.0 = Debug|Any CPU
		{A95FED47-0376-42D2-B942-697F5E42C657}.Release|Any CPU.ActiveCfg = Release|Any CPU
		{A95FED47-0376-42D2-B942-697F5E42C657}.Release|Any CPU.Build.0 = Release|Any CPU
		{B88B3AD3-8DE2-4912-B273-CA8357B1D13A}.Debug|Any CPU.ActiveCfg = Debug|Any CPU
		{B88B3AD3-8DE2-4912-B273-CA8357B1D13A}.Debug|Any CPU.Build.0 = Debug|Any CPU
		{B88B3AD3-8DE2-4912-B273-CA8357B1D13A}.Release|Any CPU.ActiveCfg = Release|Any CPU
		{B88B3AD3-8DE2-4912-B273-CA8357B1D13A}.Release|Any CPU.Build.0 = Release|Any CPU
		{FECE2BBA-BB89-4F50-AAE4-FB028D1FECD3}.Debug|Any CPU.ActiveCfg = Debug|Any CPU
		{FECE2BBA-BB89-4F50-AAE4-FB028D1FECD3}.Debug|Any CPU.Build.0 = Debug|Any CPU
		{FECE2BBA-BB89-4F50-AAE4-FB028D1FECD3}.Release|Any CPU.ActiveCfg = Release|Any CPU
		{FECE2BBA-BB89-4F50-AAE4-FB028D1FECD3}.Release|Any CPU.Build.0 = Release|Any CPU
		{8591FDC5-5E81-44FD-891F-DA560FB276EB}.Debug|Any CPU.ActiveCfg = Debug|Any CPU
		{8591FDC5-5E81-44FD-891F-DA560FB276EB}.Debug|Any CPU.Build.0 = Debug|Any CPU
		{8591FDC5-5E81-44FD-891F-DA560FB276EB}.Release|Any CPU.ActiveCfg = Release|Any CPU
		{8591FDC5-5E81-44FD-891F-DA560FB276EB}.Release|Any CPU.Build.0 = Release|Any CPU
		{53C8BD9A-D309-4420-8ED0-874CE4D19E10}.Debug|Any CPU.ActiveCfg = Debug|Any CPU
		{53C8BD9A-D309-4420-8ED0-874CE4D19E10}.Debug|Any CPU.Build.0 = Debug|Any CPU
		{53C8BD9A-D309-4420-8ED0-874CE4D19E10}.Release|Any CPU.ActiveCfg = Release|Any CPU
		{53C8BD9A-D309-4420-8ED0-874CE4D19E10}.Release|Any CPU.Build.0 = Release|Any CPU
	EndGlobalSection
	GlobalSection(NestedProjects) = preSolution
		{9F2EFBBC-0DE1-4080-A60A-92C6C5579FB1} = {25C89B37-997F-4B9E-AA30-1AF59CE76C90}
		{3839ACA2-665D-47A4-B0D6-CB08334A805A} = {25C89B37-997F-4B9E-AA30-1AF59CE76C90}
		{75321AED-A237-4EAD-B83B-010B53DCBBE3} = {25C89B37-997F-4B9E-AA30-1AF59CE76C90}
		{A95FED47-0376-42D2-B942-697F5E42C657} = {25C89B37-997F-4B9E-AA30-1AF59CE76C90}
		{B88B3AD3-8DE2-4912-B273-CA8357B1D13A} = {270ACA73-4EC5-44D1-9872-D0F870C9B23F}
		{FECE2BBA-BB89-4F50-AAE4-FB028D1FECD3} = {270ACA73-4EC5-44D1-9872-D0F870C9B23F}
		{8591FDC5-5E81-44FD-891F-DA560FB276EB} = {25C89B37-997F-4B9E-AA30-1AF59CE76C90}
		{53C8BD9A-D309-4420-8ED0-874CE4D19E10} = {270ACA73-4EC5-44D1-9872-D0F870C9B23F}
	EndGlobalSection
EndGlobal
