
Microsoft Visual Studio Solution File, Format Version 12.00
# Visual Studio Version 16
VisualStudioVersion = 16.0.31729.503
MinimumVisualStudioVersion = 10.0.40219.1
Project("{FAE04EC0-301F-11D3-BF4B-00C04F79EFBC}") = "EFCore.WebAPI", "EFCore.WebAPI.csproj", "{D736B1BB-7F5A-4328-9C33-320DD8D94D0B}"
EndProject
Global
	GlobalSection(SolutionConfigurationPlatforms) = preSolution
		Debug|Any CPU = Debug|Any CPU
		Release|Any CPU = Release|Any CPU
	EndGlobalSection
	GlobalSection(ProjectConfigurationPlatforms) = postSolution
		{D736B1BB-7F5A-4328-9C33-320DD8D94D0B}.Debug|Any CPU.ActiveCfg = Debug|Any CPU
		{D736B1BB-7F5A-4328-9C33-320DD8D94D0B}.Debug|Any CPU.Build.0 = Debug|Any CPU
		{D736B1BB-7F5A-4328-9C33-320DD8D94D0B}.Release|Any CPU.ActiveCfg = Release|Any CPU
		{D736B1BB-7F5A-4328-9C33-320DD8D94D0B}.Release|Any CPU.Build.0 = Release|Any CPU
	EndGlobalSection
	GlobalSection(SolutionProperties) = preSolution
		HideSolutionNode = FALSE
	EndGlobalSection
	GlobalSection(ExtensibilityGlobals) = postSolution
		SolutionGuid = {33CD89A9-C5D1-400B-A252-426D205FFAB9}
	EndGlobalSection
EndGlobal
