
Microsoft Visual Studio Solution File, Format Version 12.00
# Visual Studio Version 17
VisualStudioVersion = 17.0.31903.59
MinimumVisualStudioVersion = 10.0.40219.1
Project("{FAE04EC0-301F-11D3-BF4B-00C04F79EFBC}") = "001_linq_method_syntax", "001_linq_method_syntax\001_linq_method_syntax.csproj", "{CC7BBE5D-3308-4E81-85DF-50AF9C7E5075}"
EndProject
Project("{FAE04EC0-301F-11D3-BF4B-00C04F79EFBC}") = "002_linq_query_syntax", "002_linq_query_syntax\002_linq_query_syntax.csproj", "{8DDFFE76-8C6B-4718-B461-97F56F3F12A6}"
EndProject
Project("{FAE04EC0-301F-11D3-BF4B-00C04F79EFBC}") = "003_deferred_execution", "003_deferred_execution\003_deferred_execution.csproj", "{5A620647-BA17-4DAA-BE72-B27EE8317E93}"
EndProject
Project("{FAE04EC0-301F-11D3-BF4B-00C04F79EFBC}") = "004_subqueries", "004_subqueries\004_subqueries.csproj", "{4069FBCA-8ED8-46D4-A381-11E2A1E14DF1}"
EndProject
Project("{FAE04EC0-301F-11D3-BF4B-00C04F79EFBC}") = "005_interpreted_queries", "005_interpreted_queries\005_interpreted_queries.csproj", "{43C0F068-2DBC-4D9E-9244-E8CF8B8CD88A}"
EndProject
Project("{FAE04EC0-301F-11D3-BF4B-00C04F79EFBC}") = "006_building_query_expressions", "006_building_query_expressions\006_building_query_expressions.csproj", "{C30AFADD-7C82-47EF-A859-6C527BAA6A3D}"
EndProject
Project("{2150E333-8FDC-42A3-9474-1A3956D46DE8}") = "007_query_operators", "007_query_operators", "{DCF612BB-A39A-4228-BA64-D3AAE7897304}"
EndProject
Project("{FAE04EC0-301F-11D3-BF4B-00C04F79EFBC}") = "001_filtering", "007_query_operators\001_filtering\001_filtering.csproj", "{5EEA538A-E909-41FD-9D52-5E4E3B4362A8}"
EndProject
Project("{FAE04EC0-301F-11D3-BF4B-00C04F79EFBC}") = "002_projecting", "007_query_operators\002_projecting\002_projecting.csproj", "{EB10AF58-9D03-4996-9954-F8AD4A27F10A}"
EndProject
Project("{FAE04EC0-301F-11D3-BF4B-00C04F79EFBC}") = "003_joining", "007_query_operators\003_joining\003_joining.csproj", "{7B124217-361D-4DAF-BC5D-8C165C6698B2}"
EndProject
Project("{FAE04EC0-301F-11D3-BF4B-00C04F79EFBC}") = "004_ordering", "007_query_operators\004_ordering\004_ordering.csproj", "{3828E9AA-235F-44F5-8EE2-F152AA20A350}"
EndProject
Global
	GlobalSection(SolutionConfigurationPlatforms) = preSolution
		Debug|Any CPU = Debug|Any CPU
		Release|Any CPU = Release|Any CPU
	EndGlobalSection
	GlobalSection(SolutionProperties) = preSolution
		HideSolutionNode = FALSE
	EndGlobalSection
	GlobalSection(ProjectConfigurationPlatforms) = postSolution
		{CC7BBE5D-3308-4E81-85DF-50AF9C7E5075}.Debug|Any CPU.ActiveCfg = Debug|Any CPU
		{CC7BBE5D-3308-4E81-85DF-50AF9C7E5075}.Debug|Any CPU.Build.0 = Debug|Any CPU
		{CC7BBE5D-3308-4E81-85DF-50AF9C7E5075}.Release|Any CPU.ActiveCfg = Release|Any CPU
		{CC7BBE5D-3308-4E81-85DF-50AF9C7E5075}.Release|Any CPU.Build.0 = Release|Any CPU
		{8DDFFE76-8C6B-4718-B461-97F56F3F12A6}.Debug|Any CPU.ActiveCfg = Debug|Any CPU
		{8DDFFE76-8C6B-4718-B461-97F56F3F12A6}.Debug|Any CPU.Build.0 = Debug|Any CPU
		{8DDFFE76-8C6B-4718-B461-97F56F3F12A6}.Release|Any CPU.ActiveCfg = Release|Any CPU
		{8DDFFE76-8C6B-4718-B461-97F56F3F12A6}.Release|Any CPU.Build.0 = Release|Any CPU
		{5A620647-BA17-4DAA-BE72-B27EE8317E93}.Debug|Any CPU.ActiveCfg = Debug|Any CPU
		{5A620647-BA17-4DAA-BE72-B27EE8317E93}.Debug|Any CPU.Build.0 = Debug|Any CPU
		{5A620647-BA17-4DAA-BE72-B27EE8317E93}.Release|Any CPU.ActiveCfg = Release|Any CPU
		{5A620647-BA17-4DAA-BE72-B27EE8317E93}.Release|Any CPU.Build.0 = Release|Any CPU
		{4069FBCA-8ED8-46D4-A381-11E2A1E14DF1}.Debug|Any CPU.ActiveCfg = Debug|Any CPU
		{4069FBCA-8ED8-46D4-A381-11E2A1E14DF1}.Debug|Any CPU.Build.0 = Debug|Any CPU
		{4069FBCA-8ED8-46D4-A381-11E2A1E14DF1}.Release|Any CPU.ActiveCfg = Release|Any CPU
		{4069FBCA-8ED8-46D4-A381-11E2A1E14DF1}.Release|Any CPU.Build.0 = Release|Any CPU
		{43C0F068-2DBC-4D9E-9244-E8CF8B8CD88A}.Debug|Any CPU.ActiveCfg = Debug|Any CPU
		{43C0F068-2DBC-4D9E-9244-E8CF8B8CD88A}.Debug|Any CPU.Build.0 = Debug|Any CPU
		{43C0F068-2DBC-4D9E-9244-E8CF8B8CD88A}.Release|Any CPU.ActiveCfg = Release|Any CPU
		{43C0F068-2DBC-4D9E-9244-E8CF8B8CD88A}.Release|Any CPU.Build.0 = Release|Any CPU
		{C30AFADD-7C82-47EF-A859-6C527BAA6A3D}.Debug|Any CPU.ActiveCfg = Debug|Any CPU
		{C30AFADD-7C82-47EF-A859-6C527BAA6A3D}.Debug|Any CPU.Build.0 = Debug|Any CPU
		{C30AFADD-7C82-47EF-A859-6C527BAA6A3D}.Release|Any CPU.ActiveCfg = Release|Any CPU
		{C30AFADD-7C82-47EF-A859-6C527BAA6A3D}.Release|Any CPU.Build.0 = Release|Any CPU
		{5EEA538A-E909-41FD-9D52-5E4E3B4362A8}.Debug|Any CPU.ActiveCfg = Debug|Any CPU
		{5EEA538A-E909-41FD-9D52-5E4E3B4362A8}.Debug|Any CPU.Build.0 = Debug|Any CPU
		{5EEA538A-E909-41FD-9D52-5E4E3B4362A8}.Release|Any CPU.ActiveCfg = Release|Any CPU
		{5EEA538A-E909-41FD-9D52-5E4E3B4362A8}.Release|Any CPU.Build.0 = Release|Any CPU
		{EB10AF58-9D03-4996-9954-F8AD4A27F10A}.Debug|Any CPU.ActiveCfg = Debug|Any CPU
		{EB10AF58-9D03-4996-9954-F8AD4A27F10A}.Debug|Any CPU.Build.0 = Debug|Any CPU
		{EB10AF58-9D03-4996-9954-F8AD4A27F10A}.Release|Any CPU.ActiveCfg = Release|Any CPU
		{EB10AF58-9D03-4996-9954-F8AD4A27F10A}.Release|Any CPU.Build.0 = Release|Any CPU
		{7B124217-361D-4DAF-BC5D-8C165C6698B2}.Debug|Any CPU.ActiveCfg = Debug|Any CPU
		{7B124217-361D-4DAF-BC5D-8C165C6698B2}.Debug|Any CPU.Build.0 = Debug|Any CPU
		{7B124217-361D-4DAF-BC5D-8C165C6698B2}.Release|Any CPU.ActiveCfg = Release|Any CPU
		{7B124217-361D-4DAF-BC5D-8C165C6698B2}.Release|Any CPU.Build.0 = Release|Any CPU
		{3828E9AA-235F-44F5-8EE2-F152AA20A350}.Debug|Any CPU.ActiveCfg = Debug|Any CPU
		{3828E9AA-235F-44F5-8EE2-F152AA20A350}.Debug|Any CPU.Build.0 = Debug|Any CPU
		{3828E9AA-235F-44F5-8EE2-F152AA20A350}.Release|Any CPU.ActiveCfg = Release|Any CPU
		{3828E9AA-235F-44F5-8EE2-F152AA20A350}.Release|Any CPU.Build.0 = Release|Any CPU
	EndGlobalSection
	GlobalSection(NestedProjects) = preSolution
		{5EEA538A-E909-41FD-9D52-5E4E3B4362A8} = {DCF612BB-A39A-4228-BA64-D3AAE7897304}
		{EB10AF58-9D03-4996-9954-F8AD4A27F10A} = {DCF612BB-A39A-4228-BA64-D3AAE7897304}
		{7B124217-361D-4DAF-BC5D-8C165C6698B2} = {DCF612BB-A39A-4228-BA64-D3AAE7897304}
		{3828E9AA-235F-44F5-8EE2-F152AA20A350} = {DCF612BB-A39A-4228-BA64-D3AAE7897304}
	EndGlobalSection
EndGlobal
