
Microsoft Visual Studio Solution File, Format Version 12.00
# Visual Studio Version 17
VisualStudioVersion = 17.0.31903.59
MinimumVisualStudioVersion = 10.0.40219.1
Project("{FAE04EC0-301F-11D3-BF4B-00C04F79EFBC}") = "001_delegate", "001_delegate\001_delegate.csproj", "{A572E722-2C54-42F9-B55C-FDD2BBDA1BC4}"
EndProject
Project("{FAE04EC0-301F-11D3-BF4B-00C04F79EFBC}") = "002_multicast_delegate", "002_multicast_delegate\002_multicast_delegate.csproj", "{5FEEC72E-6A91-4637-B2F6-E578CF1D835C}"
EndProject
Project("{FAE04EC0-301F-11D3-BF4B-00C04F79EFBC}") = "003_built_in_delegate", "003_built_in_delegate\003_built_in_delegate.csproj", "{5E79D0BB-D276-40B0-89D2-20878C752DED}"
EndProject
Global
	GlobalSection(SolutionConfigurationPlatforms) = preSolution
		Debug|Any CPU = Debug|Any CPU
		Release|Any CPU = Release|Any CPU
	EndGlobalSection
	GlobalSection(SolutionProperties) = preSolution
		HideSolutionNode = FALSE
	EndGlobalSection
	GlobalSection(ProjectConfigurationPlatforms) = postSolution
		{A572E722-2C54-42F9-B55C-FDD2BBDA1BC4}.Debug|Any CPU.ActiveCfg = Debug|Any CPU
		{A572E722-2C54-42F9-B55C-FDD2BBDA1BC4}.Debug|Any CPU.Build.0 = Debug|Any CPU
		{A572E722-2C54-42F9-B55C-FDD2BBDA1BC4}.Release|Any CPU.ActiveCfg = Release|Any CPU
		{A572E722-2C54-42F9-B55C-FDD2BBDA1BC4}.Release|Any CPU.Build.0 = Release|Any CPU
		{5FEEC72E-6A91-4637-B2F6-E578CF1D835C}.Debug|Any CPU.ActiveCfg = Debug|Any CPU
		{5FEEC72E-6A91-4637-B2F6-E578CF1D835C}.Debug|Any CPU.Build.0 = Debug|Any CPU
		{5FEEC72E-6A91-4637-B2F6-E578CF1D835C}.Release|Any CPU.ActiveCfg = Release|Any CPU
		{5FEEC72E-6A91-4637-B2F6-E578CF1D835C}.Release|Any CPU.Build.0 = Release|Any CPU
		{5E79D0BB-D276-40B0-89D2-20878C752DED}.Debug|Any CPU.ActiveCfg = Debug|Any CPU
		{5E79D0BB-D276-40B0-89D2-20878C752DED}.Debug|Any CPU.Build.0 = Debug|Any CPU
		{5E79D0BB-D276-40B0-89D2-20878C752DED}.Release|Any CPU.ActiveCfg = Release|Any CPU
		{5E79D0BB-D276-40B0-89D2-20878C752DED}.Release|Any CPU.Build.0 = Release|Any CPU
	EndGlobalSection
EndGlobal
